// !$*UTF8*$!
{
	archiveVersion = 1;
	classes = {
	};
	objectVersion = 50;
	objects = {

/* Begin PBXBuildFile section */
		9DB1748E22F91BBE0078058C /* AppDelegate.swift in Sources */ = {isa = PBXBuildFile; fileRef = 9DB1748D22F91BBE0078058C /* AppDelegate.swift */; };
		9DB1749022F91BBE0078058C /* SceneDelegate.swift in Sources */ = {isa = PBXBuildFile; fileRef = 9DB1748F22F91BBE0078058C /* SceneDelegate.swift */; };
		9DB1749222F91BBE0078058C /* ContentView.swift in Sources */ = {isa = PBXBuildFile; fileRef = 9DB1749122F91BBE0078058C /* ContentView.swift */; };
		9DB1749422F91BC00078058C /* Assets.xcassets in Resources */ = {isa = PBXBuildFile; fileRef = 9DB1749322F91BC00078058C /* Assets.xcassets */; };
		9DB1749722F91BC00078058C /* Preview Assets.xcassets in Resources */ = {isa = PBXBuildFile; fileRef = 9DB1749622F91BC00078058C /* Preview Assets.xcassets */; };
		9DB1749A22F91BC00078058C /* LaunchScreen.storyboard in Resources */ = {isa = PBXBuildFile; fileRef = 9DB1749822F91BC00078058C /* LaunchScreen.storyboard */; };
		9DB174A322F91BE10078058C /* MTSlideToOpen-SwiftUI.swift in Sources */ = {isa = PBXBuildFile; fileRef = 9DB174A222F91BE10078058C /* MTSlideToOpen-SwiftUI.swift */; };
/* End PBXBuildFile section */

/* Begin PBXFileReference section */
		9DB1748A22F91BBE0078058C /* MTSlideToOpen-SwiftUI.app */ = {isa = PBXFileReference; explicitFileType = wrapper.application; includeInIndex = 0; path = "MTSlideToOpen-SwiftUI.app"; sourceTree = BUILT_PRODUCTS_DIR; };
		9DB1748D22F91BBE0078058C /* AppDelegate.swift */ = {isa = PBXFileReference; lastKnownFileType = sourcecode.swift; path = AppDelegate.swift; sourceTree = "<group>"; };
		9DB1748F22F91BBE0078058C /* SceneDelegate.swift */ = {isa = PBXFileReference; lastKnownFileType = sourcecode.swift; path = SceneDelegate.swift; sourceTree = "<group>"; };
		9DB1749122F91BBE0078058C /* ContentView.swift */ = {isa = PBXFileReference; lastKnownFileType = sourcecode.swift; path = ContentView.swift; sourceTree = "<group>"; };
		9DB1749322F91BC00078058C /* Assets.xcassets */ = {isa = PBXFileReference; lastKnownFileType = folder.assetcatalog; path = Assets.xcassets; sourceTree = "<group>"; };
		9DB1749622F91BC00078058C /* Preview Assets.xcassets */ = {isa = PBXFileReference; lastKnownFileType = folder.assetcatalog; path = "Preview Assets.xcassets"; sourceTree = "<group>"; };
		9DB1749922F91BC00078058C /* Base */ = {isa = PBXFileReference; lastKnownFileType = file.storyboard; name = Base; path = Base.lproj/LaunchScreen.storyboard; sourceTree = "<group>"; };
		9DB1749B22F91BC00078058C /* Info.plist */ = {isa = PBXFileReference; lastKnownFileType = text.plist.xml; path = Info.plist; sourceTree = "<group>"; };
		9DB174A222F91BE10078058C /* MTSlideToOpen-SwiftUI.swift */ = {isa = PBXFileReference; lastKnownFileType = sourcecode.swift; path = "MTSlideToOpen-SwiftUI.swift"; sourceTree = "<group>"; };
/* End PBXFileReference section */

/* Begin PBXFrameworksBuildPhase section */
		9DB1748722F91BBE0078058C /* Frameworks */ = {
			isa = PBXFrameworksBuildPhase;
			buildActionMask = 2147483647;
			files = (
			);
			runOnlyForDeploymentPostprocessing = 0;
		};
/* End PBXFrameworksBuildPhase section */

/* Begin PBXGroup section */
		9DB1748122F91BBE0078058C = {
			isa = PBXGroup;
			children = (
				9DB1748C22F91BBE0078058C /* MTSlideToOpen-SwiftUI */,
				9DB1748B22F91BBE0078058C /* Products */,
			);
			sourceTree = "<group>";
		};
		9DB1748B22F91BBE0078058C /* Products */ = {
			isa = PBXGroup;
			children = (
				9DB1748A22F91BBE0078058C /* MTSlideToOpen-SwiftUI.app */,
			);
			name = Products;
			sourceTree = "<group>";
		};
		9DB1748C22F91BBE0078058C /* MTSlideToOpen-SwiftUI */ = {
			isa = PBXGroup;
			children = (
				9DB174A122F91BC70078058C /* Source */,
				9DB1748D22F91BBE0078058C /* AppDelegate.swift */,
				9DB1748F22F91BBE0078058C /* SceneDelegate.swift */,
				9DB1749122F91BBE0078058C /* ContentView.swift */,
				9DB1749322F91BC00078058C /* Assets.xcassets */,
				9DB1749822F91BC00078058C /* LaunchScreen.storyboard */,
				9DB1749B22F91BC00078058C /* Info.plist */,
				9DB1749522F91BC00078058C /* Preview Content */,
			);
			path = "MTSlideToOpen-SwiftUI";
			sourceTree = "<group>";
		};
		9DB1749522F91BC00078058C /* Preview Content */ = {
			isa = PBXGroup;
			children = (
				9DB1749622F91BC00078058C /* Preview Assets.xcassets */,
			);
			path = "Preview Content";
			sourceTree = "<group>";
		};
		9DB174A122F91BC70078058C /* Source */ = {
			isa = PBXGroup;
			children = (
				9DB174A222F91BE10078058C /* MTSlideToOpen-SwiftUI.swift */,
			);
			path = Source;
			sourceTree = "<group>";
		};
/* End PBXGroup section */

/* Begin PBXNativeTarget section */
		9DB1748922F91BBE0078058C /* MTSlideToOpen-SwiftUI */ = {
			isa = PBXNativeTarget;
			buildConfigurationList = 9DB1749E22F91BC00078058C /* Build configuration list for PBXNativeTarget "MTSlideToOpen-SwiftUI" */;
			buildPhases = (
				9DB1748622F91BBE0078058C /* Sources */,
				9DB1748722F91BBE0078058C /* Frameworks */,
				9DB1748822F91BBE0078058C /* Resources */,
			);
			buildRules = (
			);
			dependencies = (
			);
			name = "MTSlideToOpen-SwiftUI";
			productName = "MTSlideToOpen-SwiftUI";
			productReference = 9DB1748A22F91BBE0078058C /* MTSlideToOpen-SwiftUI.app */;
			productType = "com.apple.product-type.application";
		};
/* End PBXNativeTarget section */

/* Begin PBXProject section */
		9DB1748222F91BBE0078058C /* Project object */ = {
			isa = PBXProject;
			attributes = {
				LastSwiftUpdateCheck = 1100;
				LastUpgradeCheck = 1100;
				ORGANIZATIONNAME = io.tienle;
				TargetAttributes = {
					9DB1748922F91BBE0078058C = {
						CreatedOnToolsVersion = 11.0;
					};
				};
			};
			buildConfigurationList = 9DB1748522F91BBE0078058C /* Build configuration list for PBXProject "MTSlideToOpen-SwiftUI" */;
			compatibilityVersion = "Xcode 9.3";
			developmentRegion = en;
			hasScannedForEncodings = 0;
			knownRegions = (
				en,
				Base,
			);
			mainGroup = 9DB1748122F91BBE0078058C;
			productRefGroup = 9DB1748B22F91BBE0078058C /* Products */;
			projectDirPath = "";
			projectRoot = "";
			targets = (
				9DB1748922F91BBE0078058C /* MTSlideToOpen-SwiftUI */,
			);
		};
/* End PBXProject section */

/* Begin PBXResourcesBuildPhase section */
		9DB1748822F91BBE0078058C /* Resources */ = {
			isa = PBXResourcesBuildPhase;
			buildActionMask = 2147483647;
			files = (
				9DB1749A22F91BC00078058C /* LaunchScreen.storyboard in Resources */,
				9DB1749722F91BC00078058C /* Preview Assets.xcassets in Resources */,
				9DB1749422F91BC00078058C /* Assets.xcassets in Resources */,
			);
			runOnlyForDeploymentPostprocessing = 0;
		};
/* End PBXResourcesBuildPhase section */

/* Begin PBXSourcesBuildPhase section */
		9DB1748622F91BBE0078058C /* Sources */ = {
			isa = PBXSourcesBuildPhase;
			buildActionMask = 2147483647;
			files = (
				9DB1748E22F91BBE0078058C /* AppDelegate.swift in Sources */,
				9DB174A322F91BE10078058C /* MTSlideToOpen-SwiftUI.swift in Sources */,
				9DB1749022F91BBE0078058C /* SceneDelegate.swift in Sources */,
				9DB1749222F91BBE0078058C /* ContentView.swift in Sources */,
			);
			runOnlyForDeploymentPostprocessing = 0;
		};
/* End PBXSourcesBuildPhase section */

/* Begin PBXVariantGroup section */
		9DB1749822F91BC00078058C /* LaunchScreen.storyboard */ = {
			isa = PBXVariantGroup;
			children = (
				9DB1749922F91BC00078058C /* Base */,
			);
			name = LaunchScreen.storyboard;
			sourceTree = "<group>";
		};
/* End PBXVariantGroup section */

/* Begin XCBuildConfiguration section */
		9DB1749C22F91BC00078058C /* Debug */ = {
			isa = XCBuildConfiguration;
			buildSettings = {
				ALWAYS_SEARCH_USER_PATHS = NO;
				CLANG_ANALYZER_NONNULL = YES;
				CLANG_ANALYZER_NUMBER_OBJECT_CONVERSION = YES_AGGRESSIVE;
				CLANG_CXX_LANGUAGE_STANDARD = "gnu++14";
				CLANG_CXX_LIBRARY = "libc++";
				CLANG_ENABLE_MODULES = YES;
				CLANG_ENABLE_OBJC_ARC = YES;
				CLANG_ENABLE_OBJC_WEAK = YES;
				CLANG_WARN_BLOCK_CAPTURE_AUTORELEASING = YES;
				CLANG_WARN_BOOL_CONVERSION = YES;
				CLANG_WARN_COMMA = YES;
				CLANG_WARN_CONSTANT_CONVERSION = YES;
				CLANG_WARN_DEPRECATED_OBJC_IMPLEMENTATIONS = YES;
				CLANG_WARN_DIRECT_OBJC_ISA_USAGE = YES_ERROR;
				CLANG_WARN_DOCUMENTATION_COMMENTS = YES;
				CLANG_WARN_EMPTY_BODY = YES;
				CLANG_WARN_ENUM_CONVERSION = YES;
				CLANG_WARN_INFINITE_RECURSION = YES;
				CLANG_WARN_INT_CONVERSION = YES;
				CLANG_WARN_NON_LITERAL_NULL_CONVERSION = YES;
				CLANG_WARN_OBJC_IMPLICIT_RETAIN_SELF = YES;
				CLANG_WARN_OBJC_LITERAL_CONVERSION = YES;
				CLANG_WARN_OBJC_ROOT_CLASS = YES_ERROR;
				CLANG_WARN_RANGE_LOOP_ANALYSIS = YES;
				CLANG_WARN_STRICT_PROTOTYPES = YES;
				CLANG_WARN_SUSPICIOUS_MOVE = YES;
				CLANG_WARN_UNGUARDED_AVAILABILITY = YES_AGGRESSIVE;
				CLANG_WARN_UNREACHABLE_CODE = YES;
				CLANG_WARN__DUPLICATE_METHOD_MATCH = YES;
				COPY_PHASE_STRIP = NO;
				DEBUG_INFORMATION_FORMAT = dwarf;
				ENABLE_STRICT_OBJC_MSGSEND = YES;
				ENABLE_TESTABILITY = YES;
				GCC_C_LANGUAGE_STANDARD = gnu11;
				GCC_DYNAMIC_NO_PIC = NO;
				GCC_NO_COMMON_BLOCKS = YES;
				GCC_OPTIMIZATION_LEVEL = 0;
				GCC_PREPROCESSOR_DEFINITIONS = (
					"DEBUG=1",
					"$(inherited)",
				);
				GCC_WARN_64_TO_32_BIT_CONVERSION = YES;
				GCC_WARN_ABOUT_RETURN_TYPE = YES_ERROR;
				GCC_WARN_UNDECLARED_SELECTOR = YES;
				GCC_WARN_UNINITIALIZED_AUTOS = YES_AGGRESSIVE;
				GCC_WARN_UNUSED_FUNCTION = YES;
				GCC_WARN_UNUSED_VARIABLE = YES;
				IPHONEOS_DEPLOYMENT_TARGET = 13.0;
				MTL_ENABLE_DEBUG_INFO = INCLUDE_SOURCE;
				MTL_FAST_MATH = YES;
				ONLY_ACTIVE_ARCH = YES;
				SDKROOT = iphoneos;
				SWIFT_ACTIVE_COMPILATION_CONDITIONS = DEBUG;
				SWIFT_OPTIMIZATION_LEVEL = "-Onone";
			};
			name = Debug;
		};
		9DB1749D22F91BC00078058C /* Release */ = {
			isa = XCBuildConfiguration;
			buildSettings = {
				ALWAYS_SEARCH_USER_PATHS = NO;
				CLANG_ANALYZER_NONNULL = YES;
				CLANG_ANALYZER_NUMBER_OBJECT_CONVERSION = YES_AGGRESSIVE;
				CLANG_CXX_LANGUAGE_STANDARD = "gnu++14";
				CLANG_CXX_LIBRARY = "libc++";
				CLANG_ENABLE_MODULES = YES;
				CLANG_ENABLE_OBJC_ARC = YES;
				CLANG_ENABLE_OBJC_WEAK = YES;
				CLANG_WARN_BLOCK_CAPTURE_AUTORELEASING = YES;
				CLANG_WARN_BOOL_CONVERSION = YES;
				CLANG_WARN_COMMA = YES;
				CLANG_WARN_CONSTANT_CONVERSION = YES;
				CLANG_WARN_DEPRECATED_OBJC_IMPLEMENTATIONS = YES;
				CLANG_WARN_DIRECT_OBJC_ISA_USAGE = YES_ERROR;
				CLANG_WARN_DOCUMENTATION_COMMENTS = YES;
				CLANG_WARN_EMPTY_BODY = YES;
				CLANG_WARN_ENUM_CONVERSION = YES;
				CLANG_WARN_INFINITE_RECURSION = YES;
				CLANG_WARN_INT_CONVERSION = YES;
				CLANG_WARN_NON_LITERAL_NULL_CONVERSION = YES;
				CLANG_WARN_OBJC_IMPLICIT_RETAIN_SELF = YES;
				CLANG_WARN_OBJC_LITERAL_CONVERSION = YES;
				CLANG_WARN_OBJC_ROOT_CLASS = YES_ERROR;
				CLANG_WARN_RANGE_LOOP_ANALYSIS = YES;
				CLANG_WARN_STRICT_PROTOTYPES = YES;
				CLANG_WARN_SUSPICIOUS_MOVE = YES;
				CLANG_WARN_UNGUARDED_AVAILABILITY = YES_AGGRESSIVE;
				CLANG_WARN_UNREACHABLE_CODE = YES;
				CLANG_WARN__DUPLICATE_METHOD_MATCH = YES;
				COPY_PHASE_STRIP = NO;
				DEBUG_INFORMATION_FORMAT = "dwarf-with-dsym";
				ENABLE_NS_ASSERTIONS = NO;
				ENABLE_STRICT_OBJC_MSGSEND = YES;
				GCC_C_LANGUAGE_STANDARD = gnu11;
				GCC_NO_COMMON_BLOCKS = YES;
				GCC_WARN_64_TO_32_BIT_CONVERSION = YES;
				GCC_WARN_ABOUT_RETURN_TYPE = YES_ERROR;
				GCC_WARN_UNDECLARED_SELECTOR = YES;
				GCC_WARN_UNINITIALIZED_AUTOS = YES_AGGRESSIVE;
				GCC_WARN_UNUSED_FUNCTION = YES;
				GCC_WARN_UNUSED_VARIABLE = YES;
				IPHONEOS_DEPLOYMENT_TARGET = 13.0;
				MTL_ENABLE_DEBUG_INFO = NO;
				MTL_FAST_MATH = YES;
				SDKROOT = iphoneos;
				SWIFT_COMPILATION_MODE = wholemodule;
				SWIFT_OPTIMIZATION_LEVEL = "-O";
				VALIDATE_PRODUCT = YES;
			};
			name = Release;
		};
		9DB1749F22F91BC00078058C /* Debug */ = {
			isa = XCBuildConfiguration;
			buildSettings = {
				ASSETCATALOG_COMPILER_APPICON_NAME = AppIcon;
				CODE_SIGN_STYLE = Automatic;
				DEVELOPMENT_ASSET_PATHS = "MTSlideToOpen-SwiftUI/Preview\\ Content";
				ENABLE_PREVIEWS = YES;
				INFOPLIST_FILE = "MTSlideToOpen-SwiftUI/Info.plist";
				LD_RUNPATH_SEARCH_PATHS = (
					"$(inherited)",
					"@executable_path/Frameworks",
				);
				PRODUCT_BUNDLE_IDENTIFIER = "io.tienle.MTSlideToOpen-SwiftUI";
				PRODUCT_NAME = "$(TARGET_NAME)";
				SWIFT_VERSION = 5.0;
				TARGETED_DEVICE_FAMILY = "1,2";
			};
			name = Debug;
		};
		9DB174A022F91BC00078058C /* Release */ = {
			isa = XCBuildConfiguration;
			buildSettings = {
				ASSETCATALOG_COMPILER_APPICON_NAME = AppIcon;
				CODE_SIGN_STYLE = Automatic;
				DEVELOPMENT_ASSET_PATHS = "MTSlideToOpen-SwiftUI/Preview\\ Content";
				ENABLE_PREVIEWS = YES;
				INFOPLIST_FILE = "MTSlideToOpen-SwiftUI/Info.plist";
				LD_RUNPATH_SEARCH_PATHS = (
					"$(inherited)",
					"@executable_path/Frameworks",
				);
				PRODUCT_BUNDLE_IDENTIFIER = "io.tienle.MTSlideToOpen-SwiftUI";
				PRODUCT_NAME = "$(TARGET_NAME)";
				SWIFT_VERSION = 5.0;
				TARGETED_DEVICE_FAMILY = "1,2";
			};
			name = Release;
		};
/* End XCBuildConfiguration section */

/* Begin XCConfigurationList section */
		9DB1748522F91BBE0078058C /* Build configuration list for PBXProject "MTSlideToOpen-SwiftUI" */ = {
			isa = XCConfigurationList;
			buildConfigurations = (
				9DB1749C22F91BC00078058C /* Debug */,
				9DB1749D22F91BC00078058C /* Release */,
			);
			defaultConfigurationIsVisible = 0;
			defaultConfigurationName = Release;
		};
		9DB1749E22F91BC00078058C /* Build configuration list for PBXNativeTarget "MTSlideToOpen-SwiftUI" */ = {
			isa = XCConfigurationList;
			buildConfigurations = (
				9DB1749F22F91BC00078058C /* Debug */,
				9DB174A022F91BC00078058C /* Release */,
			);
			defaultConfigurationIsVisible = 0;
			defaultConfigurationName = Release;
		};
/* End XCConfigurationList section */
	};
	rootObject = 9DB1748222F91BBE0078058C /* Project object */;
}
